
Microsoft Visual Studio Solution File, Format Version 12.00
# Visual Studio Version 16
VisualStudioVersion = 16.0.30523.141
MinimumVisualStudioVersion = 10.0.40219.1
Project("{9A19103F-16F7-4668-BE54-9A1E7A4F7556}") = "test", "test.csproj", "{BD3A6CB5-B21A-44F6-90F1-2090498A5D8E}"
EndProject
Global
	GlobalSection(SolutionConfigurationPlatforms) = preSolution
		Debug|Any CPU = Debug|Any CPU
		Release|Any CPU = Release|Any CPU
	EndGlobalSection
	GlobalSection(ProjectConfigurationPlatforms) = postSolution
		{BD3A6CB5-B21A-44F6-90F1-2090498A5D8E}.Debug|Any CPU.ActiveCfg = Debug|Any CPU
		{BD3A6CB5-B21A-44F6-90F1-2090498A5D8E}.Debug|Any CPU.Build.0 = Debug|Any CPU
		{BD3A6CB5-B21A-44F6-90F1-2090498A5D8E}.Release|Any CPU.ActiveCfg = Release|Any CPU
		{BD3A6CB5-B21A-44F6-90F1-2090498A5D8E}.Release|Any CPU.Build.0 = Release|Any CPU
	EndGlobalSection
	GlobalSection(SolutionProperties) = preSolution
		HideSolutionNode = FALSE
	EndGlobalSection
	GlobalSection(ExtensibilityGlobals) = postSolution
		SolutionGuid = {BE59F28D-1CF2-4600-8950-C2AE54E3C0B7}
	EndGlobalSection
EndGlobal
